
Microsoft Visual Studio Solution File, Format Version 12.00
# Visual Studio 15
VisualStudioVersion = 15.0.27428.2002
MinimumVisualStudioVersion = 10.0.40219.1
Project("{9A19103F-16F7-4668-BE54-9A1E7A4F7556}") = "prmToolkit.XLog.SqlServer", "prmToolkit.XLog.SqlServer\prmToolkit.XLog.SqlServer.csproj", "{4EF22763-72C2-4D32-94DA-864296217B49}"
EndProject
Project("{9A19103F-16F7-4668-BE54-9A1E7A4F7556}") = "prmToolkit.XLog.Domain", "prmToolkit.XLog.Domain\prmToolkit.XLog.Domain.csproj", "{8459820E-C08B-4477-A873-1A826176A999}"
EndProject
Project("{9A19103F-16F7-4668-BE54-9A1E7A4F7556}") = "prmToolkit.XLog.App", "prmToolkit.XLog.App\prmToolkit.XLog.App.csproj", "{80052A2D-C6E9-405D-AA71-4DF503E582A9}"
EndProject
Global
	GlobalSection(SolutionConfigurationPlatforms) = preSolution
		Debug|Any CPU = Debug|Any CPU
		Release|Any CPU = Release|Any CPU
	EndGlobalSection
	GlobalSection(ProjectConfigurationPlatforms) = postSolution
		{4EF22763-72C2-4D32-94DA-864296217B49}.Debug|Any CPU.ActiveCfg = Debug|Any CPU
		{4EF22763-72C2-4D32-94DA-864296217B49}.Debug|Any CPU.Build.0 = Debug|Any CPU
		{4EF22763-72C2-4D32-94DA-864296217B49}.Release|Any CPU.ActiveCfg = Release|Any CPU
		{4EF22763-72C2-4D32-94DA-864296217B49}.Release|Any CPU.Build.0 = Release|Any CPU
		{8459820E-C08B-4477-A873-1A826176A999}.Debug|Any CPU.ActiveCfg = Debug|Any CPU
		{8459820E-C08B-4477-A873-1A826176A999}.Debug|Any CPU.Build.0 = Debug|Any CPU
		{8459820E-C08B-4477-A873-1A826176A999}.Release|Any CPU.ActiveCfg = Release|Any CPU
		{8459820E-C08B-4477-A873-1A826176A999}.Release|Any CPU.Build.0 = Release|Any CPU
		{80052A2D-C6E9-405D-AA71-4DF503E582A9}.Debug|Any CPU.ActiveCfg = Debug|Any CPU
		{80052A2D-C6E9-405D-AA71-4DF503E582A9}.Debug|Any CPU.Build.0 = Debug|Any CPU
		{80052A2D-C6E9-405D-AA71-4DF503E582A9}.Release|Any CPU.ActiveCfg = Release|Any CPU
		{80052A2D-C6E9-405D-AA71-4DF503E582A9}.Release|Any CPU.Build.0 = Release|Any CPU
	EndGlobalSection
	GlobalSection(SolutionProperties) = preSolution
		HideSolutionNode = FALSE
	EndGlobalSection
	GlobalSection(ExtensibilityGlobals) = postSolution
		SolutionGuid = {FB69F388-BF81-4519-8297-EAAE539D5540}
	EndGlobalSection
EndGlobal
